{
  "name": "hms-client",
  "version": "1.0.0",
  "lockfileVersion": 3,
  "requires": true,
  "packages": {
    "": {
      "name": "hms-client",
      "version": "1.0.0",
      "private": true,
      "type": "module",
      "devDependencies": {
        "@vitejs/plugin-vue": "^5.0.0",
        "vite": "^5.4.0"
      },
      "dependencies": {
        "vue": "^3.4.0",
        "vue-router": "^4.3.0",
        "pinia": "^2.1.7",
        "axios": "^1.7.0",
        "chart.js": "^4.4.0",
        "vue-chartjs": "^5.3.0",
        "dayjs": "^1.11.9"
      }
    },
    "node_modules/vue": {
      "version": "3.4.0",
      "resolved": "https://registry.npmjs.org/vue/-/vue-3.4.0.tgz",
      "integrity": "sha512-S2L3xJhh2xsVUw+J4yG1NmSX/aMjxKLGX10/2k+Yo0VD0LIzUMI6IZSvzYZpH68PiPXwPNKH13j1NhEdMrLjZg==",
      "engines": {
        "node": ">=14.0.0"
      }
    },
    "node_modules/vue-router": {
      "version": "4.3.0",
      "resolved": "https://registry.npmjs.org/vue-router/-/vue-router-4.3.0.tgz",
      "integrity": "sha512-FLAECHo1+L1SbNzWw5x+TiW1KKb3I/TqWi7+Z4rRuPwXULQFjPEaooxiFbt3CqtuBiAJyadI+nS5qV0feh2diQ==",
      "engines": {
        "node": ">=14.0.0"
      }
    },
    "node_modules/pinia": {
      "version": "2.1.7",
      "resolved": "https://registry.npmjs.org/pinia/-/pinia-2.1.7.tgz",
      "integrity": "sha512-nxB9Nb7KK5LG3IvJdmhxcxvJmKZnDCVzfjXHgY0e43+4j2SRb+qDWhnlkIZhq2VQn3IWtgV2c9bOvS1nrAZAkg==",
      "engines": {
        "node": ">=14"
      }
    },
    "node_modules/axios": {
      "version": "1.7.0",
      "resolved": "https://registry.npmjs.org/axios/-/axios-1.7.0.tgz",
      "integrity": "sha512-cqqNMmj1TPFTiblx6FAcaUqaPQxPhG+UoE56B+MvackQydzPEJ9NyjxxysCFVk3RnuyG2wNc7uWNHPSTXLpjvg==",
      "engines": {
        "node": ">=14.0"
      }
    },
    "node_modules/chart.js": {
      "version": "4.4.0",
      "resolved": "https://registry.npmjs.org/chart.js/-/chart.js-4.4.0.tgz",
      "integrity": "sha512-smbWfsFz5X8qyKaaArNRFHMINcbvklLF1Qme8v+4ZE8N4ExXIdKl2PrJdeUnNP83CRZwpIrjaveX3AYBU63Fcg==",
      "engines": {
        "node": ">=14.0",
        "npm": ">=6.11.0"
      }
    },
    "node_modules/vue-chartjs": {
      "version": "5.3.0",
      "resolved": "https://registry.npmjs.org/vue-chartjs/-/vue-chartjs-5.3.0.tgz",
      "integrity": "sha512-8d+QaLCrgVGxRSvr7zKY8w/6VEEzuaJVX0sXbWJLlOWdnwVYqsLNW3vRSXl8f0hXcPJ0MsDj/VVfSQx3Uq+1Q==",
      "peerDependencies": {
        "chart.js": "^4.4.0",
        "vue": "^3.0.0"
      }
    },
    "node_modules/dayjs": {
      "version": "1.11.9",
      "resolved": "https://registry.npmjs.org/dayjs/-/dayjs-1.11.9.tgz",
      "integrity": "sha512-9BixsDx0M6b5dW6aLVwhaYqE2E20mV+9kGiVrLow+MHkAmTM38rVaYaDM7nuXCRV7cf3fBBYEqdr4LRpqVEnIw=="
    },
    "node_modules/@vitejs/plugin-vue": {
      "version": "5.0.0",
      "resolved": "https://registry.npmjs.org/@vitejs/plugin-vue/-/plugin-vue-5.0.0.tgz",
      "integrity": "sha512-a2WShJ1e9MXXEtKddaAB8bxyXVnXLaAqVXrmKT+d/W4n9XVR0Iyer/qYcN5hSyi5wvU/MJr0CxfEpa/8ccsNA==",
      "peerDependencies": {
        "vite": "^4.0.0 || ^5.0.0"
      }
    },
    "node_modules/vite": {
      "version": "5.4.0",
      "resolved": "https://registry.npmjs.org/vite/-/vite-5.4.0.tgz",
      "integrity": "sha512-5QHJVIeG7vXl6qHO8g0zEAWzVQVuKugkz+aRZ9cgPxJjgPSpZoK0f9zDMsaC1FwMFrDLu+p9oXQJJATm8YP7Q==",
      "bin": {
        "vite": "bin/vite.js"
      },
      "engines": {
        "node": "^18.0.0 || >=20.0.0"
      }
    }
  }
}