{
  "name": "hospital-management-system",
  "version": "1.0.0",
  "lockfileVersion": 3,
  "requires": true,
  "packages": {
    "": {
      "name": "hospital-management-system",
      "version": "1.0.0",
      "dependencies": {
        "concurrently": "^8.2.0"
      }
    },
    "node_modules/concurrently": {
      "version": "8.2.0",
      "resolved": "https://registry.npmjs.org/concurrently/-/concurrently-8.2.0.tgz",
      "integrity": "sha512-nnLMyLCO5xsKgmjVL0bNdMyVJe47UL1UxwOCmJIWeLcg7oqTAwrTA5w9tPAs7otIW9+0tUsFpB3ghQwMsKfqA=="
    }
  }
}
