{
  "name": "hms-server",
  "version": "1.0.0",
  "lockfileVersion": 3,
  "requires": true,
  "packages": {
    "": {
      "name": "hms-server",
      "version": "1.0.0",
      "description": "Hospital Management System Backend",
      "main": "index.js",
      "dependencies": {
        "bcryptjs": "^2.4.3",
        "better-sqlite3": "^13.0.3",
        "cors": "^2.8.5",
        "dotenv": "^16.3.1",
        "express": "^4.18.2",
        "express-validator": "^7.0.1",
        "helmet": "^7.0.0",
        "jsonwebtoken": "^9.0.1",
        "morgan": "^1.10.0",
        "multer": "^1.4.5-lts.1",
        "mysql2": "^3.6.0",
        "node-cron": "^3.0.2",
        "nodemailer": "^6.9.4",
        "uuid": "^9.0.0"
      },
      "devDependencies": {
        "nodemon": "^3.0.1"
      }
    },
    "node_modules/express": {
      "version": "4.18.2",
      "resolved": "https://registry.npmjs.org/express/-/express-4.18.2.tgz",
      "integrity": "sha512-oczmIwTK4+kAvQ4YcPG6dH9xD6MkWzBzLovNiMfL4LwJjI+8ucEqoWzwK2+8XDQZ3Yfp6L/zPSMkfZjqaUMVzA==",
      "engines": {
        "node": ">= 0.10.0"
      }
    },
    "node_modules/bcryptjs": {
      "version": "2.4.3",
      "resolved": "https://registry.npmjs.org/bcryptjs/-/bcryptjs-2.4.3.tgz",
      "integrity": "sha512-V/Hy/X9Vt7aaoRUiZvzvu0a+tufgdqHe83z5NzQrgVJjljqB+GFSTjMIrsqoeh5m4FFCCeI/V41ZJ8c7stzxQ=="
    },
    "node_modules/cors": {
      "version": "2.8.5",
      "resolved": "https://registry.npmjs.org/cors/-/cors-2.8.5.tgz",
      "integrity": "sha512-KIHbLJqu73RGr/hnbrO9uBXo/RFGZM5ibgokHvQyAXmwY7wLNVrWL6m7IAgPVBnkJrtS1LEZPz7w7wnjiNP6jQ==",
      "engines": {
        "node": ">= 0.10"
      }
    },
    "node_modules/dotenv": {
      "version": "16.3.1",
      "resolved": "https://registry.npmjs.org/dotenv/-/dotenv-16.3.1.tgz",
      "integrity": "sha512-IPzF4w4/Ct6BgR8ND6DlC9U8yILV4MZLvzhybQZzG64KREnEfLvjqD+yUVupTEcSx+aaYyvVQefuJPwK/ye6kw==",
      "engines": {
        "node": ">=12"
      }
    },
    "node_modules/helmet": {
      "version": "7.0.0",
      "resolved": "https://registry.npmjs.org/helmet/-/helmet-7.0.0.tgz",
      "integrity": "sha512-LEKb+2bOXHU/M25zXSDcumJqWRnEIMp/bPLDJBzDuuRvJPVQQC3Ygb+bPDCyGR/rKrdgyg36QiKKKhvRZf5Jg==",
      "engines": {
        "node": ">=14.0.0"
      }
    },
    "node_modules/jsonwebtoken": {
      "version": "9.0.1",
      "resolved": "https://registry.npmjs.org/jsonwebtoken/-/jsonwebtoken-9.0.1.tgz",
      "integrity": "sha512-K8wx7eJ5TPLwmDyWDT+2B+rjKWTJdZrIAOcAJIcsWLmwvUat5bYcsFWnIvjwaDiw+KUgNe4v8XM3E40xLCvtEw==",
      "engines": {
        "node": ">=12"
      }
    },
    "node_modules/morgan": {
      "version": "1.10.0",
      "resolved": "https://registry.npmjs.org/morgan/-/morgan-1.10.0.tgz",
      "integrity": "sha512-AbIqnq0fWN8ZN4Fu6uwTJc7mPzC8GLApl5gP3+xvEczvLqKKpVWC6CmFAIIvE5f3lkk6V5klX6I3C6XwKr6JWA==",
      "engines": {
        "node": ">= 0.8.0"
      }
    },
    "node_modules/multer": {
      "version": "1.4.5-lts.1",
      "resolved": "https://registry.npmjs.org/multer/-/multer-1.4.5-lts.1.tgz",
      "integrity": "sha512-ywPWvcDMeH+K8FHXoComas4+K8md5snQoWboQB2kjXm60egeQNaWD7yWuqvi43SNsWznecW6acvnqKHK51eQwQ==",
      "engines": {
        "node": ">= 0.10.0"
      }
    },
    "node_modules/mysql2": {
      "version": "3.6.0",
      "resolved": "https://registry.npmjs.org/mysql2/-/mysql2-3.6.0.tgz",
      "integrity": "sha512-E6r1YVyRTcaHJD1qGCqhcRw6m4zt8ElVBSNvjrh1c9u+iWX6MzGGNJA3tz6D5d6cQVLCTgVJVS6hxiEzJYpvg==",
      "engines": {
        "node": ">=14.0.0"
      }
    },
    "node_modules/node-cron": {
      "version": "3.0.2",
      "resolved": "https://registry.npmjs.org/node-cron/-/node-cron-3.0.2.tgz",
      "integrity": "sha512-iP8l0yGlNpHZOiLCwqITILmijVRH8RAgUWs2yNjPIveTEv7UKfVt3+LogCe54u45dolMQaXiLcAHeMBcWFStYw==",
      "engines": {
        "node": ">=6.0.0"
      }
    },
    "node_modules/nodemailer": {
      "version": "6.9.4",
      "resolved": "https://registry.npmjs.org/nodemailer/-/nodemailer-6.9.4.tgz",
      "integrity": "sha512-CUxVInoWEYYB394divine1z1mAoZYyiI9Xo+pSmKFc5qrPSysqI+3gVHKI7+Wo5LPcyVeBQWvreinc0EauLHuDw==",
      "engines": {
        "node": ">=6.0.0"
      }
    },
    "node_modules/uuid": {
      "version": "9.0.0",
      "resolved": "https://registry.npmjs.org/uuid/-/uuid-9.0.0.tgz",
      "integrity": "sha512-MXcSTerfPa4uqyzStbRQcQ+ZZ88DWQfn+rN+9c3zAg11zymzxm11vvY82p8CuVICvCT4ilYeZ/V4+tZLh5NSg==",
      "bin": {
        "uuid": "dist/bin/uuid"
      },
      "engines": {
        "node": ">= 15.13.0"
      }
    },
    "node_modules/better-sqlite3": {
      "version": "13.0.3",
      "resolved": "https://registry.npmjs.org/better-sqlite3/-/better-sqlite3-13.0.3.tgz",
      "integrity": "sha512-x16v0H6DXQG2z2RdVEXHvz7aS0xA5H+L5BIjfBVgMF9CHmO95TDNUj8vYELe2t3WT3IyAYb2hFfh2sBn8DPqQ==",
      "engines": {
        "node": ">=12.0.0"
      }
    },
    "node_modules/express-validator": {
      "version": "7.0.1",
      "resolved": "https://registry.npmjs.org/express-validator/-/express-validator-7.0.1.tgz",
      "integrity": "sha512-b7NvqhVSCn98dO0DgS2XhUKWJn0V7CUDDqPiLDmvDwCB4QN+zLw3hFVfKJPOmg24GKRC0n0eBBbRHd/gNYuLQ==",
      "engines": {
        "node": ">=12.0.0"
      }
    },
    "node_modules/nodemon": {
      "version": "3.0.1",
      "resolved": "https://registry.npmjs.org/nodemon/-/nodemon-3.0.1.tgz",
      "integrity": "sha512-g9AZ7HmkhQkqXkRc20w+ZgyVKL21AEiVHnwJRSrgm8cVO8hREc+dChsPh0oAxWarJ7kW8G6VJAohZAuNv9Pro5w==",
      "bin": {
        "nodemon": "bin/nodemon.js"
      },
      "engines": {
        "node": ">=14.0.0"
      }
    }
  }
}